{
  "lockfileVersion": 1,
  "configVersion": 1,
  "workspaces": {
    "": {
      "name": "chiwawa",
      "dependencies": {
        "@bufbuild/protobuf": "^2.12.1",
        "@discordjs/voice": "^0.19.0",
        "@snazzah/davey": "^0.1.10",
        "discord.js": "^14.25.1",
        "opusscript": "^0.1.1",
        "resultant.js": "2.1.0",
        "sodium-native": "^5.1.0",
      },
      "devDependencies": {
        "@biomejs/biome": "2.4.5",
        "@types/bun": "^1.3.14",
        "ts-proto": "^2.12.0",
        "typescript": "^5.8.3",
      },
    },
  },
  "packages": {
    "@biomejs/biome": ["@biomejs/biome@2.4.5", "", { "optionalDependencies": { "@biomejs/cli-darwin-arm64": "2.4.5", "@biomejs/cli-darwin-x64": "2.4.5", "@biomejs/cli-linux-arm64": "2.4.5", "@biomejs/cli-linux-arm64-musl": "2.4.5", "@biomejs/cli-linux-x64": "2.4.5", "@biomejs/cli-linux-x64-musl": "2.4.5", "@biomejs/cli-win32-arm64": "2.4.5", "@biomejs/cli-win32-x64": "2.4.5" }, "bin": { "biome": "bin/biome" } }, "sha512-OWNCyMS0Q011R6YifXNOg6qsOg64IVc7XX6SqGsrGszPbkVCoaO7Sr/lISFnXZ9hjQhDewwZ40789QmrG0GYgQ=="],

    "@biomejs/cli-darwin-arm64": ["@biomejs/cli-darwin-arm64@2.4.5", "", { "os": "darwin", "cpu": "arm64" }, "sha512-lGS4Nd5O3KQJ6TeWv10mElnx1phERhBxqGP/IKq0SvZl78kcWDFMaTtVK+w3v3lusRFxJY78n07PbKplirsU5g=="],

    "@biomejs/cli-darwin-x64": ["@biomejs/cli-darwin-x64@2.4.5", "", { "os": "darwin", "cpu": "x64" }, "sha512-6MoH4tyISIBNkZ2Q5T1R7dLd5BsITb2yhhhrU9jHZxnNSNMWl+s2Mxu7NBF8Y3a7JJcqq9nsk8i637z4gqkJxQ=="],

    "@biomejs/cli-linux-arm64": ["@biomejs/cli-linux-arm64@2.4.5", "", { "os": "linux", "cpu": "arm64" }, "sha512-U1GAG6FTjhAO04MyH4xn23wRNBkT6H7NentHh+8UxD6ShXKBm5SY4RedKJzkUThANxb9rUKIPc7B8ew9Xo/cWg=="],

    "@biomejs/cli-linux-arm64-musl": ["@biomejs/cli-linux-arm64-musl@2.4.5", "", { "os": "linux", "cpu": "arm64" }, "sha512-iqLDgpzobG7gpBF0fwEVS/LT8kmN7+S0E2YKFDtqliJfzNLnAiV2Nnyb+ehCDCJgAZBASkYHR2o60VQWikpqIg=="],

    "@biomejs/cli-linux-x64": ["@biomejs/cli-linux-x64@2.4.5", "", { "os": "linux", "cpu": "x64" }, "sha512-NdODlSugMzTlENPTa4z0xB82dTUlCpsrOxc43///aNkTLblIYH4XpYflBbf5ySlQuP8AA4AZd1qXhV07IdrHdQ=="],

    "@biomejs/cli-linux-x64-musl": ["@biomejs/cli-linux-x64-musl@2.4.5", "", { "os": "linux", "cpu": "x64" }, "sha512-NlKa7GpbQmNhZf9kakQeddqZyT7itN7jjWdakELeXyTU3pg/83fTysRRDPJD0akTfKDl6vZYNT9Zqn4MYZVBOA=="],

    "@biomejs/cli-win32-arm64": ["@biomejs/cli-win32-arm64@2.4.5", "", { "os": "win32", "cpu": "arm64" }, "sha512-EBfrTqRIWOFSd7CQb/0ttjHMR88zm3hGravnDwUA9wHAaCAYsULKDebWcN5RmrEo1KBtl/gDVJMrFjNR0pdGUw=="],

    "@biomejs/cli-win32-x64": ["@biomejs/cli-win32-x64@2.4.5", "", { "os": "win32", "cpu": "x64" }, "sha512-Pmhv9zT95YzECfjEHNl3mN9Vhusw9VA5KHY0ZvlGsxsjwS5cb7vpRnHzJIv0vG7jB0JI7xEaMH9ddfZm/RozBw=="],

    "@bufbuild/protobuf": ["@bufbuild/protobuf@2.12.1", "", {}, "sha512-BvAMfS6LrgZiryOAZ4pBYucu4wG/Ei/9o9DZ9akbREnMLbPJiom2i8b9C8IsKErQoiKqVhrerzt3kOT/RrzLHg=="],

    "@discordjs/builders": ["@discordjs/builders@1.14.1", "", { "dependencies": { "@discordjs/formatters": "^0.6.2", "@discordjs/util": "^1.2.0", "@sapphire/shapeshift": "^4.0.0", "discord-api-types": "^0.38.40", "fast-deep-equal": "^3.1.3", "ts-mixer": "^6.0.4", "tslib": "^2.6.3" } }, "sha512-gSKkhXLqs96TCzk66VZuHHl8z2bQMJFGwrXC0f33ngK+FLNau4hU1PYny3DNJfNdSH+gVMzE85/d5FQ2BpcNwQ=="],

    "@discordjs/collection": ["@discordjs/collection@1.5.3", "", {}, "sha512-SVb428OMd3WO1paV3rm6tSjM4wC+Kecaa1EUGX7vc6/fddvw/6lg90z4QtCqm21zvVe92vMMDt9+DkIvjXImQQ=="],

    "@discordjs/formatters": ["@discordjs/formatters@0.6.2", "", { "dependencies": { "discord-api-types": "^0.38.33" } }, "sha512-y4UPwWhH6vChKRkGdMB4odasUbHOUwy7KL+OVwF86PvT6QVOwElx+TiI1/6kcmcEe+g5YRXJFiXSXUdabqZOvQ=="],

    "@discordjs/rest": ["@discordjs/rest@2.6.1", "", { "dependencies": { "@discordjs/collection": "^2.1.1", "@discordjs/util": "^1.2.0", "@sapphire/async-queue": "^1.5.3", "@sapphire/snowflake": "^3.5.5", "@vladfrangu/async_event_emitter": "^2.4.6", "discord-api-types": "^0.38.40", "magic-bytes.js": "^1.13.0", "tslib": "^2.6.3", "undici": "6.24.1" } }, "sha512-wwQdgjeaoYFiaG+atbqx6aJDpqW7JHAo0HrQkBTbYzM3/PJ3GweQIpgElNcGZ26DCUOXMyawYd0YF7vtr+fZXg=="],

    "@discordjs/util": ["@discordjs/util@1.2.0", "", { "dependencies": { "discord-api-types": "^0.38.33" } }, "sha512-3LKP7F2+atl9vJFhaBjn4nOaSWahZ/yWjOvA4e5pnXkt2qyXRCHLxoBQy81GFtLGCq7K9lPm9R517M1U+/90Qg=="],

    "@discordjs/voice": ["@discordjs/voice@0.19.2", "", { "dependencies": { "@snazzah/davey": "^0.1.9", "@types/ws": "^8.18.1", "discord-api-types": "^0.38.41", "prism-media": "^1.3.5", "tslib": "^2.8.1", "ws": "^8.19.0" } }, "sha512-3yJ255e4ag3wfZu/DSxeOZK1UtnqNxnspmLaQetGT0pDkThNZoHs+Zg6dgZZ19JEVomXygvfHn9lNpICZuYtEA=="],

    "@discordjs/ws": ["@discordjs/ws@1.2.3", "", { "dependencies": { "@discordjs/collection": "^2.1.0", "@discordjs/rest": "^2.5.1", "@discordjs/util": "^1.1.0", "@sapphire/async-queue": "^1.5.2", "@types/ws": "^8.5.10", "@vladfrangu/async_event_emitter": "^2.2.4", "discord-api-types": "^0.38.1", "tslib": "^2.6.2", "ws": "^8.17.0" } }, "sha512-wPlQDxEmlDg5IxhJPuxXr3Vy9AjYq5xCvFWGJyD7w7Np8ZGu+Mc+97LCoEc/+AYCo2IDpKioiH0/c/mj5ZR9Uw=="],

    "@emnapi/core": ["@emnapi/core@1.11.2", "", { "dependencies": { "@emnapi/wasi-threads": "1.2.2", "tslib": "^2.4.0" } }, "sha512-TC8MkTuZUtcTSiFeuC0ksCh9QIJ5+F21MvZ4Wn4ORfYaFJ/0dsiudv5tVkejgwZlwQ39jL9WWDe2lz8x0WglOA=="],

    "@emnapi/runtime": ["@emnapi/runtime@1.11.2", "", { "dependencies": { "tslib": "^2.4.0" } }, "sha512-kyOl3X0DuTiT1h2ft8r2fYO8JYtU9a9Xis/zBSiGArNaagCOWx90N1k2wxp18czFDH+OgcWGb5ZP/XMt3dcyPA=="],

    "@emnapi/wasi-threads": ["@emnapi/wasi-threads@1.2.2", "", { "dependencies": { "tslib": "^2.4.0" } }, "sha512-c95qOXkHdydNKhscBTebqEC1CVAZpyqOfVfBzQ1qgzyl3gfeldUjIggDbIZgDKsHLgnsM+igH7TJ/eAasaVuMA=="],

    "@napi-rs/wasm-runtime": ["@napi-rs/wasm-runtime@1.1.6", "", { "dependencies": { "@tybys/wasm-util": "^0.10.3" }, "peerDependencies": { "@emnapi/core": "^1.7.1", "@emnapi/runtime": "^1.7.1" } }, "sha512-ZLv/JdUfkvOy9eCnnBaGfiO+XimbjebAeO+MRQqD/B+FR1tnRN0tpKSJHRbE8sFfS6aqsXZ67TQjfwfsxULVbg=="],

    "@sapphire/async-queue": ["@sapphire/async-queue@1.5.5", "", {}, "sha512-cvGzxbba6sav2zZkH8GPf2oGk9yYoD5qrNWdu9fRehifgnFZJMV+nuy2nON2roRO4yQQ+v7MK/Pktl/HgfsUXg=="],

    "@sapphire/shapeshift": ["@sapphire/shapeshift@4.0.0", "", { "dependencies": { "fast-deep-equal": "^3.1.3", "lodash": "^4.17.21" } }, "sha512-d9dUmWVA7MMiKobL3VpLF8P2aeanRTu6ypG2OIaEv/ZHH/SUQ2iHOVyi5wAPjQ+HmnMuL0whK9ez8I/raWbtIg=="],

    "@sapphire/snowflake": ["@sapphire/snowflake@3.5.3", "", {}, "sha512-jjmJywLAFoWeBi1W7994zZyiNWPIiqRRNAmSERxyg93xRGzNYvGjlZ0gR6x0F4gPRi2+0O6S71kOZYyr3cxaIQ=="],

    "@snazzah/davey": ["@snazzah/davey@0.1.12", "", { "optionalDependencies": { "@snazzah/davey-android-arm-eabi": "0.1.12", "@snazzah/davey-android-arm64": "0.1.12", "@snazzah/davey-darwin-arm64": "0.1.12", "@snazzah/davey-darwin-x64": "0.1.12", "@snazzah/davey-freebsd-x64": "0.1.12", "@snazzah/davey-linux-arm-gnueabihf": "0.1.12", "@snazzah/davey-linux-arm64-gnu": "0.1.12", "@snazzah/davey-linux-arm64-musl": "0.1.12", "@snazzah/davey-linux-x64-gnu": "0.1.12", "@snazzah/davey-linux-x64-musl": "0.1.12", "@snazzah/davey-wasm32-wasi": "0.1.12", "@snazzah/davey-win32-arm64-msvc": "0.1.12", "@snazzah/davey-win32-ia32-msvc": "0.1.12", "@snazzah/davey-win32-x64-msvc": "0.1.12" } }, "sha512-V+NlX5931RwVamZhhEfZekMdcvXDKdMAmHW1AuGaykVQsNyBOq3bpmGpoKRBDCYgFWKIufJ0Dcg3m4cYhvUy6g=="],

    "@snazzah/davey-android-arm-eabi": ["@snazzah/davey-android-arm-eabi@0.1.12", "", { "os": "android", "cpu": "arm" }, "sha512-6VC/an+Sx5dI5skb+90rYcIB1jhm48Rl0nDaw0UNT4bz1rMjpVfmmZqeocYXMq96IdbBMlE6OTKGcBm2C3gkQg=="],

    "@snazzah/davey-android-arm64": ["@snazzah/davey-android-arm64@0.1.12", "", { "os": "android", "cpu": "arm64" }, "sha512-0Bwd03/JsTFhlPhF4q/LW0RxSzntFpQdhz+TBdFljYSg8IEyA38saPJeTNjpIgDfhAumPzvhCdfS6O5qT8yXDw=="],

    "@snazzah/davey-darwin-arm64": ["@snazzah/davey-darwin-arm64@0.1.12", "", { "os": "darwin", "cpu": "arm64" }, "sha512-lKMV6ITi9BQLt0fx/pAT7M8xcojVK7bryVJGdaW3bq8gABFslS3ti/KzrWabQvhpEV71FZe5mV0UcKHFVaTsZw=="],

    "@snazzah/davey-darwin-x64": ["@snazzah/davey-darwin-x64@0.1.12", "", { "os": "darwin", "cpu": "x64" }, "sha512-vXXc/eW/e3TQeb7VsdtrPqs3/22j0aSqiP1ZXmZtDjQRBwgSxwItWYa6sh5MELP2EHB2igNlGzB6Hc0XlbGi4g=="],

    "@snazzah/davey-freebsd-x64": ["@snazzah/davey-freebsd-x64@0.1.12", "", { "os": "freebsd", "cpu": "x64" }, "sha512-G1gas5HrC4Xp3mRY0+OeAqXS6fG2tRgBEc8gQh69Hw4YK9RV9mzQKcmoKMkBM72U1+2C+2u57dolnKKzwozByQ=="],

    "@snazzah/davey-linux-arm-gnueabihf": ["@snazzah/davey-linux-arm-gnueabihf@0.1.12", "", { "os": "linux", "cpu": "arm" }, "sha512-97Fujh82r2Ll7dPZeNuoZ3yKfsqycf3c93OWXOo/ThNL/18Onl2Ht4SIvpX6VHhfeS9bDpHJ1lHCaz1b/i5ocw=="],

    "@snazzah/davey-linux-arm64-gnu": ["@snazzah/davey-linux-arm64-gnu@0.1.12", "", { "os": "linux", "cpu": "arm64" }, "sha512-FWyAOv52cHKDM4BOsmImKKogHFvqNFoXmZcicNJbX3XpVl8Mas88ZoXQ+IA5V+qc9pNtAl1MbWwEZ9JrqAQtbg=="],

    "@snazzah/davey-linux-arm64-musl": ["@snazzah/davey-linux-arm64-musl@0.1.12", "", { "os": "linux", "cpu": "arm64" }, "sha512-ptRbLSQxtV6EjXppS5z7qaPDI0NRKhrkJYsTlAjEghmOvlAObozSCYYnMO6nbkt6Ab3+lWqyahClzcRNcD2ouw=="],

    "@snazzah/davey-linux-x64-gnu": ["@snazzah/davey-linux-x64-gnu@0.1.12", "", { "os": "linux", "cpu": "x64" }, "sha512-w86fZvhJn0ErOoAQHt2UbQ95V/cgwvfvQ4GlTPQLCzt58nn+rLlXLgPn90qYlSQrZxFW38rKXwqVOMbm9p+pwQ=="],

    "@snazzah/davey-linux-x64-musl": ["@snazzah/davey-linux-x64-musl@0.1.12", "", { "os": "linux", "cpu": "x64" }, "sha512-LLNnO+hfG41ymeI+O1YHo5/0h3aKaetUNLdkBwpdJsjoyKMXZaeCnB+aHNkkupJCMPmWS0g6iPMCHUOqZSBcTg=="],

    "@snazzah/davey-wasm32-wasi": ["@snazzah/davey-wasm32-wasi@0.1.12", "", { "dependencies": { "@napi-rs/wasm-runtime": "^1.1.5" }, "cpu": "none" }, "sha512-MPKFuqYVkDFXheR7qmtEY4FWxQ/ADfgsCojQWHi13sibUqCTR9q2F1LqNn2i9IVh3sh1sxeg87fdFMCH63pl7g=="],

    "@snazzah/davey-win32-arm64-msvc": ["@snazzah/davey-win32-arm64-msvc@0.1.12", "", { "os": "win32", "cpu": "arm64" }, "sha512-Uf4OYHyfbXpzyaOqIV8/h6kv166Qni5+Bxmc1E/ov4uhhKO8qXbOky8zbVOzu0U4cv5ll3s4IQ8jDAJkx/K75Q=="],

    "@snazzah/davey-win32-ia32-msvc": ["@snazzah/davey-win32-ia32-msvc@0.1.12", "", { "os": "win32", "cpu": "ia32" }, "sha512-nRVbKTsb2ldcPI8D4BDA7P/UeiMEMvR+wYuUMp7H1pRD/3dF2hKo+MzUU+Pn78EhuYA3CWHItiAcS/GsPld67A=="],

    "@snazzah/davey-win32-x64-msvc": ["@snazzah/davey-win32-x64-msvc@0.1.12", "", { "os": "win32", "cpu": "x64" }, "sha512-AgUA3itPDVkxQq7RIkgE1thCiWePwWjyfOZefBBxGIlMWpRUOSwF4vY9kNLnrScyJcFULdR+Zm8PwiwV8/RKnw=="],

    "@tybys/wasm-util": ["@tybys/wasm-util@0.10.3", "", { "dependencies": { "tslib": "^2.4.0" } }, "sha512-F3fo1MYrRJYL3zER0OUOmkutjr1Vp23m7OsSgp7nq4SP6OqX6C/56XFIPAl5bt3zaBRjmW7SGz3u/6LwFpYcOg=="],

    "@types/bun": ["@types/bun@1.3.14", "", { "dependencies": { "bun-types": "1.3.14" } }, "sha512-h1hFqFVcvAvD9j9K7ZW7vd82aSA+rTdznZa+5bwvCwqSB1jmmfLcbIWhOLx1/+boy/xmjgCs/OMUL8hRJSmnPw=="],

    "@types/node": ["@types/node@26.1.1", "", { "dependencies": { "undici-types": "~8.3.0" } }, "sha512-nxAkRSVkN1Y0JC1W8ky/fTfkGsMmcrRsbx+3XoZE+rMOX71kLYTV7fLXpqud1GpbpP5TuffXFqfX7fH2GgZREw=="],

    "@types/ws": ["@types/ws@8.18.1", "", { "dependencies": { "@types/node": "*" } }, "sha512-ThVF6DCVhA8kUGy+aazFQ4kXQ7E1Ty7A3ypFOe0IcJV8O/M511G99AW24irKrW56Wt44yG9+ij8FaqoBGkuBXg=="],

    "@vladfrangu/async_event_emitter": ["@vladfrangu/async_event_emitter@2.4.7", "", {}, "sha512-Xfe6rpCTxSxfbswi/W/Pz7zp1WWSNn4A0eW4mLkQUewCrXXtMj31lCg+iQyTkh/CkusZSq9eDflu7tjEDXUY6g=="],

    "b4a": ["b4a@1.8.1", "", { "peerDependencies": { "react-native-b4a": "*" }, "optionalPeers": ["react-native-b4a"] }, "sha512-aiqre1Nr0B/6DgE2N5vwTc+2/oQZ4Wh1t4NznYY4E00y8LCt6NqdRv81so00oo27D8MVKTpUa/MwUUtBLXCoDw=="],

    "bare-addon-resolve": ["bare-addon-resolve@1.10.0", "", { "dependencies": { "bare-module-resolve": "^1.10.0", "bare-semver": "^1.0.0" }, "peerDependencies": { "bare-url": "*" }, "optionalPeers": ["bare-url"] }, "sha512-sSd0jieRJlDaODOzj0oe0RjFVC1QI0ZIjGIdPkbrTXsdVVtENg14c+lHHAhHwmWCZ2nQlMhy8jA3Y5LYPc/isA=="],

    "bare-ansi-escapes": ["bare-ansi-escapes@2.2.3", "", { "dependencies": { "bare-stream": "^2.6.5" }, "peerDependencies": { "bare-buffer": "*" }, "optionalPeers": ["bare-buffer"] }, "sha512-02ES4/E2RbrtZSnHJ9LntBhYkLA6lPpSEeP8iqS3MccBIVhVBlEmruF1I7HZqx5Q8aiTeYfQVeqmrU9YO2yYoQ=="],

    "bare-assert": ["bare-assert@1.2.0", "", { "dependencies": { "bare-inspect": "^3.1.2" } }, "sha512-c6uvgvTJBspTDxtVnPgrBKmLgcpW3Fp72NVKDLg6oT4QjQbhGtvrkHMhGYMK1sh4vjBHOBmuUalyt9hSzV37fQ=="],

    "bare-events": ["bare-events@2.9.1", "", { "peerDependencies": { "bare-abort-controller": "*" }, "optionalPeers": ["bare-abort-controller"] }, "sha512-Z0oHEHAFDZkffN8Qc39zNZjQlMDkPJRyyyZieU1VH7u8c5S+qHZ2S8ixdKIAxEjfHO7FJxXmJWgteOghVanIsg=="],

    "bare-inspect": ["bare-inspect@3.1.4", "", { "dependencies": { "bare-ansi-escapes": "^2.1.0", "bare-type": "^1.0.0" } }, "sha512-jfW5KRA84o3REpI6Vr4nbvMn+hqVAw8GU1mMdRwUsY5yJovQamxYeKGVKGqdzs+8ZbG4jRzGUXP/3Ji/DnqfPg=="],

    "bare-module-resolve": ["bare-module-resolve@1.12.2", "", { "dependencies": { "bare-semver": "^1.0.0" }, "peerDependencies": { "bare-url": "*" }, "optionalPeers": ["bare-url"] }, "sha512-j+hiD5k99qec4KjJvYsI67q5AOBifmy9JG3oeMVxTmvrhn2sIdp8StrUvZu4YNgwTpO+NhniQG16N1ETDe1k5w=="],

    "bare-semver": ["bare-semver@1.1.0", "", {}, "sha512-1Hw5qJ7hXdVt3uPUqjeFTuxyvBUJauvz5A1I2jk8gzjZMHp04n//6nV9MDbG9CMw78JHY2lGV0w6s//LrASm2w=="],

    "bare-stream": ["bare-stream@2.13.3", "", { "dependencies": { "b4a": "^1.8.1", "streamx": "^2.25.0", "teex": "^1.0.1" }, "peerDependencies": { "bare-abort-controller": "*", "bare-buffer": "*", "bare-events": "*" }, "optionalPeers": ["bare-abort-controller", "bare-buffer", "bare-events"] }, "sha512-Kc+brLqvEqGkjyfiwJmImAOqLZL7OsoLKuavx+hJjgVV3nLTOjloJyPMFxjUPerGGHrNH0fLU06jjykMLWrERQ=="],

    "bare-type": ["bare-type@1.1.0", "", {}, "sha512-LdtnnEEYldOc87Dr4GpsKnStStZk3zfgoEMXy8yvEZkXrcCv9RtYDrUYWFsBQHtaB0s1EUWmcvS6XmEZYIj3Bw=="],

    "bun-types": ["bun-types@1.3.14", "", { "dependencies": { "@types/node": "*" } }, "sha512-4N0ig0fEomHt5R0KCFWjovxow98rIoRwKolrYdCcknNwMekCXRnWEUvgu5soYV8QXtVsrUD8B95MBOZGPvr6KQ=="],

    "case-anything": ["case-anything@2.1.13", "", {}, "sha512-zlOQ80VrQ2Ue+ymH5OuM/DlDq64mEm+B9UTdHULv5osUMD6HalNTblf2b1u/m6QecjsnOkBpqVZ+XPwIVsy7Ng=="],

    "detect-libc": ["detect-libc@1.0.3", "", { "bin": { "detect-libc": "./bin/detect-libc.js" } }, "sha512-pGjwhsmsp4kL2RTz08wcOlGN83otlqHeD/Z5T8GXZB+/YcpQ/dgo+lbU8ZsGxV0HIvqqxo9l7mqYwyYMD9bKDg=="],

    "discord-api-types": ["discord-api-types@0.38.49", "", {}, "sha512-XnqcWmnFZFAE8ZM8SHAw9DIV8D3Or00rMQ8iQLotrEA2PmXhl+ykaf6L6q4l474hrSUH1JaYcv+iOMRWp2p6Tg=="],

    "discord.js": ["discord.js@14.26.5", "", { "dependencies": { "@discordjs/builders": "^1.14.1", "@discordjs/collection": "1.5.3", "@discordjs/formatters": "^0.6.2", "@discordjs/rest": "^2.6.1", "@discordjs/util": "^1.2.0", "@discordjs/ws": "^1.2.3", "@sapphire/snowflake": "3.5.3", "discord-api-types": "^0.38.48", "fast-deep-equal": "3.1.3", "lodash.snakecase": "4.1.1", "magic-bytes.js": "^1.13.0", "tslib": "^2.6.3", "undici": "6.24.1" } }, "sha512-SGYgjiAs0o8ZzMC97XmFXKONyairJ9YzVda+LvoSKs9YYh2gPtQhY+liaV6H/w72jxYbu9ggiSqAXoF3FLOH4A=="],

    "dprint-node": ["dprint-node@1.0.8", "", { "dependencies": { "detect-libc": "^1.0.3" } }, "sha512-iVKnUtYfGrYcW1ZAlfR/F59cUVL8QIhWoBJoSjkkdua/dkWIgjZfiLMeTjiB06X0ZLkQ0M2C1VbUj/CxkIf1zg=="],

    "events-universal": ["events-universal@1.0.1", "", { "dependencies": { "bare-events": "^2.7.0" } }, "sha512-LUd5euvbMLpwOF8m6ivPCbhQeSiYVNb8Vs0fQ8QjXo0JTkEHpz8pxdQf0gStltaPpw0Cca8b39KxvK9cfKRiAw=="],

    "fast-deep-equal": ["fast-deep-equal@3.1.3", "", {}, "sha512-f3qQ9oQy9j2AhBe/H9VC91wLmKBCCU/gDOnKNAYG5hswO7BLKj09Hc5HYNz9cGI++xlpDCIgDaitVs03ATR84Q=="],

    "fast-fifo": ["fast-fifo@1.3.2", "", {}, "sha512-/d9sfos4yxzpwkDkuN7k2SqFKtYNmCTzgfEpz82x34IM9/zc8KGxQoXg1liNC/izpRM/MBdt44Nmx41ZWqk+FQ=="],

    "lodash": ["lodash@4.18.1", "", {}, "sha512-dMInicTPVE8d1e5otfwmmjlxkZoUpiVLwyeTdUsi/Caj/gfzzblBcCE5sRHV/AsjuCmxWrte2TNGSYuCeCq+0Q=="],

    "lodash.snakecase": ["lodash.snakecase@4.1.1", "", {}, "sha512-QZ1d4xoBHYUeuouhEq3lk3Uq7ldgyFXGBhg04+oRLnIz8o9T65Eh+8YdroUwn846zchkA9yDsDl5CVVaV2nqYw=="],

    "magic-bytes.js": ["magic-bytes.js@1.13.0", "", {}, "sha512-afO2mnxW7GDTXMm5/AoN1WuOcdoKhtgXjIvHmobqTD1grNplhGdv3PFOyjCVmrnOZBIT/gD/koDKpYG+0mvHcg=="],

    "opusscript": ["opusscript@0.1.1", "", {}, "sha512-mL0fZZOUnXdZ78woRXp18lApwpp0lF5tozJOD1Wut0dgrA9WuQTgSels/CSmFleaAZrJi/nci5KOVtbuxeWoQA=="],

    "prism-media": ["prism-media@1.3.5", "", { "peerDependencies": { "@discordjs/opus": ">=0.8.0 <1.0.0", "ffmpeg-static": "^5.0.2 || ^4.2.7 || ^3.0.0 || ^2.4.0", "node-opus": "^0.3.3", "opusscript": "^0.0.8" }, "optionalPeers": ["@discordjs/opus", "ffmpeg-static", "node-opus", "opusscript"] }, "sha512-IQdl0Q01m4LrkN1EGIE9lphov5Hy7WWlH6ulf5QdGePLlPas9p2mhgddTEHrlaXYjjFToM1/rWuwF37VF4taaA=="],

    "require-addon": ["require-addon@1.2.0", "", { "dependencies": { "bare-addon-resolve": "^1.3.0" } }, "sha512-VNPDZlYgIYQwWp9jMTzljx+k0ZtatKlcvOhktZ/anNPI3dQ9NXk7cq2U4iJ1wd9IrytRnYhyEocFWbkdPb+MYA=="],

    "resultant.js": ["resultant.js@2.1.0", "", {}, "sha512-4oitksJ5KIpJ6PwFa/u2/YCrmzpkBpLCnwQjbtcGw9UDnriDQNWj9GHv0u7zG0pB6/w5NYeZpWQwGJ9vAOu6/A=="],

    "sodium-native": ["sodium-native@5.1.0", "", { "dependencies": { "bare-assert": "^1.2.0", "require-addon": "^1.1.0", "which-runtime": "^1.2.1" } }, "sha512-3RxgyWyJlhTsABPnJVpCI5CoTDANZTqqFrEPqr+kjfnRaBihpVtMUE3yTF40ukdoB1APXeoBNKF3MzZAIHg39g=="],

    "streamx": ["streamx@2.28.0", "", { "dependencies": { "events-universal": "^1.0.0", "fast-fifo": "^1.3.2", "text-decoder": "^1.1.0" } }, "sha512-1Yowhzjf0ivGMrTIkY9hav5TxobO9qIVqUE41fiCGMGgc3CLlf4MY+9AHmZqBWgDTue0fY9zWjYFVyf6Diuobw=="],

    "teex": ["teex@1.0.1", "", { "dependencies": { "streamx": "^2.12.5" } }, "sha512-eYE6iEI62Ni1H8oIa7KlDU6uQBtqr4Eajni3wX7rpfXD8ysFx8z0+dri+KWEPWpBsxXfxu58x/0jvTVT1ekOSg=="],

    "text-decoder": ["text-decoder@1.2.7", "", { "dependencies": { "b4a": "^1.6.4" } }, "sha512-vlLytXkeP4xvEq2otHeJfSQIRyWxo/oZGEbXrtEEF9Hnmrdly59sUbzZ/QgyWuLYHctCHxFF4tRQZNQ9k60ExQ=="],

    "ts-mixer": ["ts-mixer@6.0.4", "", {}, "sha512-ufKpbmrugz5Aou4wcr5Wc1UUFWOLhq+Fm6qa6P0w0K5Qw2yhaUoiWszhCVuNQyNwrlGiscHOmqYoAox1PtvgjA=="],

    "ts-poet": ["ts-poet@6.12.0", "", { "dependencies": { "dprint-node": "^1.0.8" } }, "sha512-xo+iRNMWqyvXpFTaOAvLPA5QAWO6TZrSUs5s4Odaya3epqofBu/fMLHEWl8jPmjhA0s9sgj9sNvF1BmaQlmQkA=="],

    "ts-proto": ["ts-proto@2.12.0", "", { "dependencies": { "@bufbuild/protobuf": "^2.10.2", "case-anything": "^2.1.13", "ts-poet": "^6.12.0", "ts-proto-descriptors": "2.1.0" }, "bin": { "protoc-gen-ts_proto": "protoc-gen-ts_proto" } }, "sha512-ezMxg57ZiK/ZTW14U7y38+qyWHJr8cn8ELKuppANER666YnUteuNFO/mM1qI+9/wAHoTAfRadnIwtVdp1xw0jQ=="],

    "ts-proto-descriptors": ["ts-proto-descriptors@2.1.0", "", { "dependencies": { "@bufbuild/protobuf": "^2.0.0" } }, "sha512-S5EZYEQ6L9KLFfjSRpZWDIXDV/W7tAj8uW7pLsihIxyr62EAVSiKuVPwE8iWnr849Bqa53enex1jhDUcpgquzA=="],

    "tslib": ["tslib@2.8.1", "", {}, "sha512-oJFu94HQb+KVduSUQL7wnpmqnfmLsOA/nAh6b6EH0wCEoK0/mPeXU6c3wKDV83MkOuHPRHtSXKKU99IBazS/2w=="],

    "typescript": ["typescript@5.9.3", "", { "bin": { "tsc": "bin/tsc", "tsserver": "bin/tsserver" } }, "sha512-jl1vZzPDinLr9eUt3J/t7V6FgNEw9QjvBPdysz9KfQDD41fQrC2Y4vKQdiaUpFT4bXlb1RHhLpp8wtm6M5TgSw=="],

    "undici": ["undici@6.24.1", "", {}, "sha512-sC+b0tB1whOCzbtlx20fx3WgCXwkW627p4EA9uM+/tNNPkSS+eSEld6pAs9nDv7WbY1UUljBMYPtu9BCOrCWKA=="],

    "undici-types": ["undici-types@8.3.0", "", {}, "sha512-j375ScV60dom+YkPFIfTLcOiPxkN/buHz5GobjLhixFuANaNs3C9l4GmrWqejgXWJ7BbJcFYpTEUkS1Ge8bpZQ=="],

    "which-runtime": ["which-runtime@1.4.0", "", {}, "sha512-0ugbP4CJW4e2D20jvEcC4973dCgIaHI4Rw1PT+26U9zEve7FyYdWAIwUnoeOYvoCfn+wXHoHTKb1KhkYlb60Pw=="],

    "ws": ["ws@8.21.0", "", { "peerDependencies": { "bufferutil": "^4.0.1", "utf-8-validate": ">=5.0.2" }, "optionalPeers": ["bufferutil", "utf-8-validate"] }, "sha512-Vsp28b7DRcimFQvrqu2Wek3z1iYxDCWqHYB8Qsnk/S4RfaCQzPGPyBNuVjJV3cd6UiKtUtp6sNM77gWvzcCH+g=="],

    "@discordjs/rest/@discordjs/collection": ["@discordjs/collection@2.1.1", "", {}, "sha512-LiSusze9Tc7qF03sLCujF5iZp7K+vRNEDBZ86FT9aQAv3vxMLihUvKvpsCWiQ2DJq1tVckopKm1rxomgNUc9hg=="],

    "@discordjs/rest/@sapphire/snowflake": ["@sapphire/snowflake@3.5.5", "", {}, "sha512-xzvBr1Q1c4lCe7i6sRnrofxeO1QTP/LKQ6A6qy0iB4x5yfiSfARMEQEghojzTNALDTcv8En04qYNIco9/K9eZQ=="],

    "@discordjs/ws/@discordjs/collection": ["@discordjs/collection@2.1.1", "", {}, "sha512-LiSusze9Tc7qF03sLCujF5iZp7K+vRNEDBZ86FT9aQAv3vxMLihUvKvpsCWiQ2DJq1tVckopKm1rxomgNUc9hg=="],
  }
}
